
Microsoft Visual Studio Solution File, Format Version 12.00
# Visual Studio Version 16
VisualStudioVersion = 16.0.29424.173
MinimumVisualStudioVersion = 10.0.40219.1
Project("{FAE04EC0-301F-11D3-BF4B-00C04F79EFBC}") = "DesktopApp", "DesktopApp.csproj", "{ACCC55A9-05F2-4280-96F8-A61908E00840}"
EndProject
Global
	GlobalSection(SolutionConfigurationPlatforms) = preSolution
		Debug|Any CPU = Debug|Any CPU
		Release|Any CPU = Release|Any CPU
	EndGlobalSection
	GlobalSection(ProjectConfigurationPlatforms) = postSolution
		{ACCC55A9-05F2-4280-96F8-A61908E00840}.Debug|Any CPU.ActiveCfg = Debug|Any CPU
		{ACCC55A9-05F2-4280-96F8-A61908E00840}.Debug|Any CPU.Build.0 = Debug|Any CPU
		{ACCC55A9-05F2-4280-96F8-A61908E00840}.Release|Any CPU.ActiveCfg = Release|Any CPU
		{ACCC55A9-05F2-4280-96F8-A61908E00840}.Release|Any CPU.Build.0 = Release|Any CPU
	EndGlobalSection
	GlobalSection(SolutionProperties) = preSolution
		HideSolutionNode = FALSE
	EndGlobalSection
	GlobalSection(ExtensibilityGlobals) = postSolution
		SolutionGuid = {1B6BA5C2-47E9-430B-8D56-EB598432324A}
	EndGlobalSection
EndGlobal
